// !$*UTF8*$!
{
	archiveVersion = 1;
	classes = {
	};
	objectVersion = 46;
	objects = {

/* Begin PBXBuildFile section */
		CE38A8471632CB5E0071622C /* UIKit.framework in Frameworks */ = {isa = PBXBuildFile; fileRef = CE38A8461632CB5E0071622C /* UIKit.framework */; };
		CE38A8491632CB5E0071622C /* Foundation.framework in Frameworks */ = {isa = PBXBuildFile; fileRef = CE38A8481632CB5E0071622C /* Foundation.framework */; };
		CE38A84B1632CB5E0071622C /* CoreGraphics.framework in Frameworks */ = {isa = PBXBuildFile; fileRef = CE38A84A1632CB5E0071622C /* CoreGraphics.framework */; };
		CE38A8511632CB5E0071622C /* InfoPlist.strings in Resources */ = {isa = PBXBuildFile; fileRef = CE38A84F1632CB5E0071622C /* InfoPlist.strings */; };
		CE38A8531632CB5E0071622C /* main.m in Sources */ = {isa = PBXBuildFile; fileRef = CE38A8521632CB5E0071622C /* main.m */; };
		CE38A8571632CB5E0071622C /* AppDelegate.m in Sources */ = {isa = PBXBuildFile; fileRef = CE38A8561632CB5E0071622C /* AppDelegate.m */; };
		CE38A85A1632CB5E0071622C /* ViewController.m in Sources */ = {isa = PBXBuildFile; fileRef = CE38A8591632CB5E0071622C /* ViewController.m */; };
		CE38A85D1632CB5E0071622C /* ViewController.xib in Resources */ = {isa = PBXBuildFile; fileRef = CE38A85B1632CB5E0071622C /* ViewController.xib */; };
/* End PBXBuildFile section */

/* Begin PBXFileReference section */
		CE38A8421632CB5E0071622C /* YHCPickerViewDemo.app */ = {isa = PBXFileReference; explicitFileType = wrapper.application; includeInIndex = 0; path = YHCPickerViewDemo.app; sourceTree = BUILT_PRODUCTS_DIR; };
		CE38A8461632CB5E0071622C /* UIKit.framework */ = {isa = PBXFileReference; lastKnownFileType = wrapper.framework; name = UIKit.framework; path = System/Library/Frameworks/UIKit.framework; sourceTree = SDKROOT; };
		CE38A8481632CB5E0071622C /* Foundation.framework */ = {isa = PBXFileReference; lastKnownFileType = wrapper.framework; name = Foundation.framework; path = System/Library/Frameworks/Foundation.framework; sourceTree = SDKROOT; };
		CE38A84A1632CB5E0071622C /* CoreGraphics.framework */ = {isa = PBXFileReference; lastKnownFileType = wrapper.framework; name = CoreGraphics.framework; path = System/Library/Frameworks/CoreGraphics.framework; sourceTree = SDKROOT; };
		CE38A84E1632CB5E0071622C /* YHCPickerViewDemo-Info.plist */ = {isa = PBXFileReference; path = "YHCPickerViewDemo-Info.plist"; sourceTree = "<group>"; };
		CE38A8501632CB5E0071622C /* en */ = {isa = PBXFileReference; lastKnownFileType = text.plist.strings; name = en; path = en.lproj/InfoPlist.strings; sourceTree = "<group>"; };
		CE38A8521632CB5E0071622C /* main.m */ = {isa = PBXFileReference; lastKnownFileType = sourcecode.c.objc; path = main.m; sourceTree = "<group>"; };
		CE38A8541632CB5E0071622C /* YHCPickerViewDemo-Prefix.pch */ = {isa = PBXFileReference; path = "YHCPickerViewDemo-Prefix.pch"; sourceTree = "<group>"; };
		CE38A8551632CB5E0071622C /* AppDelegate.h */ = {isa = PBXFileReference; path = AppDelegate.h; sourceTree = "<group>"; };
		CE38A8561632CB5E0071622C /* AppDelegate.m */ = {isa = PBXFileReference; lastKnownFileType = sourcecode.c.objc; path = AppDelegate.m; sourceTree = "<group>"; };
		CE38A8581632CB5E0071622C /* ViewController.h */ = {isa = PBXFileReference; path = ViewController.h; sourceTree = "<group>"; };
		CE38A8591632CB5E0071622C /* ViewController.m */ = {isa = PBXFileReference; lastKnownFileType = sourcecode.c.objc; path = ViewController.m; sourceTree = "<group>"; };
		CE38A85C1632CB5E0071622C /* en */ = {isa = PBXFileReference; lastKnownFileType = file.xib; name = en; path = en.lproj/ViewController.xib; sourceTree = "<group>"; };
/* End PBXFileReference section */

/* Begin PBXFrameworksBuildPhase section */
		CE38A83F1632CB5E0071622C /* Frameworks */ = {
			isa = PBXFrameworksBuildPhase;
			buildActionMask = 2147483647;
			files = (
				CE38A8471632CB5E0071622C /* UIKit.framework in Frameworks */,
				CE38A8491632CB5E0071622C /* Foundation.framework in Frameworks */,
				CE38A84B1632CB5E0071622C /* CoreGraphics.framework in Frameworks */,
			);
			runOnlyForDeploymentPostprocessing = 0;
		};
/* End PBXFrameworksBuildPhase section */

/* Begin PBXGroup section */
		CE38A8371632CB5E0071622C = {
			isa = PBXGroup;
			children = (
				CE38A84C1632CB5E0071622C /* YHCPickerViewDemo */,
				CE38A8451632CB5E0071622C /* Frameworks */,
				CE38A8431632CB5E0071622C /* Products */,
			);
			sourceTree = "<group>";
		};
		CE38A8431632CB5E0071622C /* Products */ = {
			isa = PBXGroup;
			children = (
				CE38A8421632CB5E0071622C /* YHCPickerViewDemo.app */,
			);
			name = Products;
			sourceTree = "<group>";
		};
		CE38A8451632CB5E0071622C /* Frameworks */ = {
			isa = PBXGroup;
			children = (
				CE38A8461632CB5E0071622C /* UIKit.framework */,
				CE38A8481632CB5E0071622C /* Foundation.framework */,
				CE38A84A1632CB5E0071622C /* CoreGraphics.framework */,
			);
			name = Frameworks;
			sourceTree = "<group>";
		};
		CE38A84C1632CB5E0071622C /* YHCPickerViewDemo */ = {
			isa = PBXGroup;
			children = (
				CE38A8551632CB5E0071622C /* AppDelegate.h */,
				CE38A8561632CB5E0071622C /* AppDelegate.m */,
				CE38A8581632CB5E0071622C /* ViewController.h */,
				CE38A8591632CB5E0071622C /* ViewController.m */,
				CE38A85B1632CB5E0071622C /* ViewController.xib */,
				CE38A84D1632CB5E0071622C /* Supporting Files */,
			);
			path = YHCPickerViewDemo;
			sourceTree = "<group>";
		};
		CE38A84D1632CB5E0071622C /* Supporting Files */ = {
			isa = PBXGroup;
			children = (
				CE38A84E1632CB5E0071622C /* YHCPickerViewDemo-Info.plist */,
				CE38A84F1632CB5E0071622C /* InfoPlist.strings */,
				CE38A8521632CB5E0071622C /* main.m */,
				CE38A8541632CB5E0071622C /* YHCPickerViewDemo-Prefix.pch */,
			);
			name = "Supporting Files";
			sourceTree = "<group>";
		};
/* End PBXGroup section */

/* Begin PBXNativeTarget section */
		CE38A8411632CB5E0071622C /* YHCPickerViewDemo */ = {
			isa = PBXNativeTarget;
			buildConfigurationList = CE38A8601632CB5E0071622C /* Build configuration list for PBXNativeTarget "YHCPickerViewDemo" */;
			buildPhases = (
				CE38A83E1632CB5E0071622C /* Sources */,
				CE38A83F1632CB5E0071622C /* Frameworks */,
				CE38A8401632CB5E0071622C /* Resources */,
			);
			buildRules = (
			);
			dependencies = (
			);
			name = YHCPickerViewDemo;
			productName = YHCPickerViewDemo;
			productReference = CE38A8421632CB5E0071622C /* YHCPickerViewDemo.app */;
			productType = "com.apple.product-type.application";
		};
/* End PBXNativeTarget section */

/* Begin PBXProject section */
		CE38A8391632CB5E0071622C /* Project object */ = {
			isa = PBXProject;
			attributes = {
				LastUpgradeCheck = 0420;
			};
			buildConfigurationList = CE38A83C1632CB5E0071622C /* Build configuration list for PBXProject "YHCPickerViewDemo" */;
			compatibilityVersion = "Xcode 3.2";
			developmentRegion = English;
			hasScannedForEncodings = 0;
			knownRegions = (
				en,
			);
			mainGroup = CE38A8371632CB5E0071622C;
			productRefGroup = CE38A8431632CB5E0071622C /* Products */;
			projectDirPath = "";
			projectRoot = "";
			targets = (
				CE38A8411632CB5E0071622C /* YHCPickerViewDemo */,
			);
		};
/* End PBXProject section */

/* Begin PBXResourcesBuildPhase section */
		CE38A8401632CB5E0071622C /* Resources */ = {
			isa = PBXResourcesBuildPhase;
			buildActionMask = 2147483647;
			files = (
				CE38A8511632CB5E0071622C /* InfoPlist.strings in Resources */,
				CE38A85D1632CB5E0071622C /* ViewController.xib in Resources */,
			);
			runOnlyForDeploymentPostprocessing = 0;
		};
/* End PBXResourcesBuildPhase section */

/* Begin PBXSourcesBuildPhase section */
		CE38A83E1632CB5E0071622C /* Sources */ = {
			isa = PBXSourcesBuildPhase;
			buildActionMask = 2147483647;
			files = (
				CE38A8531632CB5E0071622C /* main.m in Sources */,
				CE38A8571632CB5E0071622C /* AppDelegate.m in Sources */,
				CE38A85A1632CB5E0071622C /* ViewController.m in Sources */,
			);
			runOnlyForDeploymentPostprocessing = 0;
		};
/* End PBXSourcesBuildPhase section */

/* Begin PBXVariantGroup section */
		CE38A84F1632CB5E0071622C /* InfoPlist.strings */ = {
			isa = PBXVariantGroup;
			children = (
				CE38A8501632CB5E0071622C /* en */,
			);
			name = InfoPlist.strings;
			sourceTree = "<group>";
		};
		CE38A85B1632CB5E0071622C /* ViewController.xib */ = {
			isa = PBXVariantGroup;
			children = (
				CE38A85C1632CB5E0071622C /* en */,
			);
			name = ViewController.xib;
			sourceTree = "<group>";
		};
/* End PBXVariantGroup section */

/* Begin XCBuildConfiguration section */
		CE38A85E1632CB5E0071622C /* Debug */ = {
			isa = XCBuildConfiguration;
			buildSettings = {
				ALWAYS_SEARCH_USER_PATHS = NO;
				ARCHS = "$(ARCHS_STANDARD_32_BIT)";
				"CODE_SIGN_IDENTITY[sdk=iphoneos*]" = "iPhone Developer";
				COPY_PHASE_STRIP = NO;
				GCC_C_LANGUAGE_STANDARD = gnu99;
				GCC_DYNAMIC_NO_PIC = NO;
				GCC_OPTIMIZATION_LEVEL = 0;
				GCC_PREPROCESSOR_DEFINITIONS = (
					"DEBUG=1",
					"$(inherited)",
				);
				GCC_SYMBOLS_PRIVATE_EXTERN = NO;
				GCC_VERSION = com.apple.compilers.llvm.clang.1_0;
				GCC_WARN_ABOUT_MISSING_PROTOTYPES = YES;
				GCC_WARN_ABOUT_RETURN_TYPE = YES;
				GCC_WARN_UNUSED_VARIABLE = YES;
				IPHONEOS_DEPLOYMENT_TARGET = 5.0;
				SDKROOT = iphoneos;
			};
			name = Debug;
		};
		CE38A85F1632CB5E0071622C /* Release */ = {
			isa = XCBuildConfiguration;
			buildSettings = {
				ALWAYS_SEARCH_USER_PATHS = NO;
				ARCHS = "$(ARCHS_STANDARD_32_BIT)";
				"CODE_SIGN_IDENTITY[sdk=iphoneos*]" = "iPhone Developer";
				COPY_PHASE_STRIP = YES;
				GCC_C_LANGUAGE_STANDARD = gnu99;
				GCC_VERSION = com.apple.compilers.llvm.clang.1_0;
				GCC_WARN_ABOUT_MISSING_PROTOTYPES = YES;
				GCC_WARN_ABOUT_RETURN_TYPE = YES;
				GCC_WARN_UNUSED_VARIABLE = YES;
				IPHONEOS_DEPLOYMENT_TARGET = 5.0;
				OTHER_CFLAGS = "-DNS_BLOCK_ASSERTIONS=1";
				SDKROOT = iphoneos;
				VALIDATE_PRODUCT = YES;
			};
			name = Release;
		};
		CE38A8611632CB5E0071622C /* Debug */ = {
			isa = XCBuildConfiguration;
			buildSettings = {
				GCC_PRECOMPILE_PREFIX_HEADER = YES;
				GCC_PREFIX_HEADER = "YHCPickerViewDemo/YHCPickerViewDemo-Prefix.pch";
				INFOPLIST_FILE = "YHCPickerViewDemo/YHCPickerViewDemo-Info.plist";
				PRODUCT_NAME = "$(TARGET_NAME)";
				WRAPPER_EXTENSION = app;
			};
			name = Debug;
		};
		CE38A8621632CB5E0071622C /* Release */ = {
			isa = XCBuildConfiguration;
			buildSettings = {
				GCC_PRECOMPILE_PREFIX_HEADER = YES;
				GCC_PREFIX_HEADER = "YHCPickerViewDemo/YHCPickerViewDemo-Prefix.pch";
				INFOPLIST_FILE = "YHCPickerViewDemo/YHCPickerViewDemo-Info.plist";
				PRODUCT_NAME = "$(TARGET_NAME)";
				WRAPPER_EXTENSION = app;
			};
			name = Release;
		};
/* End XCBuildConfiguration section */

/* Begin XCConfigurationList section */
		CE38A83C1632CB5E0071622C /* Build configuration list for PBXProject "YHCPickerViewDemo" */ = {
			isa = XCConfigurationList;
			buildConfigurations = (
				CE38A85E1632CB5E0071622C /* Debug */,
				CE38A85F1632CB5E0071622C /* Release */,
			);
			defaultConfigurationIsVisible = 0;
			defaultConfigurationName = Release;
		};
		CE38A8601632CB5E0071622C /* Build configuration list for PBXNativeTarget "YHCPickerViewDemo" */ = {
			isa = XCConfigurationList;
			buildConfigurations = (
				CE38A8611632CB5E0071622C /* Debug */,
				CE38A8621632CB5E0071622C /* Release */,
			);
			defaultConfigurationIsVisible = 0;
		};
/* End XCConfigurationList section */
	};
	rootObject = CE38A8391632CB5E0071622C /* Project object */;
}
